// !$*UTF8*$!
{
	archiveVersion = 1;
	classes = {
	};
	objectVersion = 56;
	objects = {

/* Begin PBXBuildFile section */
		B342D2AF29B561F7004AC8C1 /* SplashCoordinator.swift in Sources */ = {isa = PBXBuildFile; fileRef = B342D2AE29B561F7004AC8C1 /* SplashCoordinator.swift */; };
		B342D2B129B56202004AC8C1 /* SplashVM.swift in Sources */ = {isa = PBXBuildFile; fileRef = B342D2B029B56202004AC8C1 /* SplashVM.swift */; };
		B342D2B329B5620F004AC8C1 /* SplashVC.swift in Sources */ = {isa = PBXBuildFile; fileRef = B342D2B229B5620F004AC8C1 /* SplashVC.swift */; };
		B342D2B629B56299004AC8C1 /* BaseVC.swift in Sources */ = {isa = PBXBuildFile; fileRef = B342D2B529B56299004AC8C1 /* BaseVC.swift */; };
		B342D2B829B562B9004AC8C1 /* BaseVM.swift in Sources */ = {isa = PBXBuildFile; fileRef = B342D2B729B562B9004AC8C1 /* BaseVM.swift */; };
		B342D2BF29B5643F004AC8C1 /* RxCocoa in Frameworks */ = {isa = PBXBuildFile; productRef = B342D2BE29B5643F004AC8C1 /* RxCocoa */; };
		B342D2C729B5643F004AC8C1 /* RxSwift in Frameworks */ = {isa = PBXBuildFile; productRef = B342D2C629B5643F004AC8C1 /* RxSwift */; };
		B342D2CF29B56478004AC8C1 /* ReactiveCoordinator.swift in Sources */ = {isa = PBXBuildFile; fileRef = B342D2CE29B56478004AC8C1 /* ReactiveCoordinator.swift */; };
		B342D2D129B56481004AC8C1 /* AppCoordinator.swift in Sources */ = {isa = PBXBuildFile; fileRef = B342D2D029B56481004AC8C1 /* AppCoordinator.swift */; };
		B342D2D329B5656D004AC8C1 /* MenuCoordinator.swift in Sources */ = {isa = PBXBuildFile; fileRef = B342D2D229B5656D004AC8C1 /* MenuCoordinator.swift */; };
		B342D2D929B5C8A0004AC8C1 /* TabBar.swift in Sources */ = {isa = PBXBuildFile; fileRef = B342D2D729B5C8A0004AC8C1 /* TabBar.swift */; };
		B35334E829AF754A00BE1D4E /* AppDelegate.swift in Sources */ = {isa = PBXBuildFile; fileRef = B35334E729AF754A00BE1D4E /* AppDelegate.swift */; };
		B35334EA29AF754A00BE1D4E /* SceneDelegate.swift in Sources */ = {isa = PBXBuildFile; fileRef = B35334E929AF754A00BE1D4E /* SceneDelegate.swift */; };
		B35334F229AF754A00BE1D4E /* RickAndMortyApp.xcdatamodeld in Sources */ = {isa = PBXBuildFile; fileRef = B35334F029AF754A00BE1D4E /* RickAndMortyApp.xcdatamodeld */; };
		B35334F429AF754B00BE1D4E /* Assets.xcassets in Resources */ = {isa = PBXBuildFile; fileRef = B35334F329AF754B00BE1D4E /* Assets.xcassets */; };
		B353350229AF754B00BE1D4E /* RickAndMortyAppTests.swift in Sources */ = {isa = PBXBuildFile; fileRef = B353350129AF754B00BE1D4E /* RickAndMortyAppTests.swift */; };
		B353350C29AF754B00BE1D4E /* RickAndMortyAppUITests.swift in Sources */ = {isa = PBXBuildFile; fileRef = B353350B29AF754B00BE1D4E /* RickAndMortyAppUITests.swift */; };
		B353350E29AF754B00BE1D4E /* RickAndMortyAppUITestsLaunchTests.swift in Sources */ = {isa = PBXBuildFile; fileRef = B353350D29AF754B00BE1D4E /* RickAndMortyAppUITestsLaunchTests.swift */; };
		B353352529AF758500BE1D4E /* RMOrigin.swift in Sources */ = {isa = PBXBuildFile; fileRef = B353351B29AF758500BE1D4E /* RMOrigin.swift */; };
		B353352629AF758500BE1D4E /* RMCharacter.swift in Sources */ = {isa = PBXBuildFile; fileRef = B353351C29AF758500BE1D4E /* RMCharacter.swift */; };
		B353352829AF758500BE1D4E /* RMCharacterStatus.swift in Sources */ = {isa = PBXBuildFile; fileRef = B353351E29AF758500BE1D4E /* RMCharacterStatus.swift */; };
		B353352929AF758500BE1D4E /* RMLocation.swift in Sources */ = {isa = PBXBuildFile; fileRef = B353351F29AF758500BE1D4E /* RMLocation.swift */; };
		B353352A29AF758500BE1D4E /* RMEpisode.swift in Sources */ = {isa = PBXBuildFile; fileRef = B353352029AF758500BE1D4E /* RMEpisode.swift */; };
		B353352B29AF758500BE1D4E /* RMCharacterGender.swift in Sources */ = {isa = PBXBuildFile; fileRef = B353352129AF758500BE1D4E /* RMCharacterGender.swift */; };
		B353352C29AF758500BE1D4E /* RMSingleLocation.swift in Sources */ = {isa = PBXBuildFile; fileRef = B353352229AF758500BE1D4E /* RMSingleLocation.swift */; };
		B353353229AF75C500BE1D4E /* Moya in Frameworks */ = {isa = PBXBuildFile; productRef = B353353129AF75C500BE1D4E /* Moya */; };
		B353353429AF75C500BE1D4E /* ReactiveMoya in Frameworks */ = {isa = PBXBuildFile; productRef = B353353329AF75C500BE1D4E /* ReactiveMoya */; };
		B353353629AF75C500BE1D4E /* RxMoya in Frameworks */ = {isa = PBXBuildFile; productRef = B353353529AF75C500BE1D4E /* RxMoya */; };
		B353353929AF76B900BE1D4E /* SideMenu in Frameworks */ = {isa = PBXBuildFile; productRef = B353353829AF76B900BE1D4E /* SideMenu */; };
		B353353C29AF772800BE1D4E /* API.swift in Sources */ = {isa = PBXBuildFile; fileRef = B353353B29AF772800BE1D4E /* API.swift */; };
		B353353E29AF775400BE1D4E /* NetworkManager.swift in Sources */ = {isa = PBXBuildFile; fileRef = B353353D29AF775400BE1D4E /* NetworkManager.swift */; };
		B379CC3029B6344400DECAF5 /* CharacterCVC.swift in Sources */ = {isa = PBXBuildFile; fileRef = B379CC2F29B6344400DECAF5 /* CharacterCVC.swift */; };
		B379CC3229B76EB100DECAF5 /* CharacterCVCVM.swift in Sources */ = {isa = PBXBuildFile; fileRef = B379CC3129B76EB100DECAF5 /* CharacterCVCVM.swift */; };
		B379CC3629B7FD7000DECAF5 /* SDWebImage in Frameworks */ = {isa = PBXBuildFile; productRef = B379CC3529B7FD7000DECAF5 /* SDWebImage */; };
		B379CC3829B80A6900DECAF5 /* DeviceSize.swift in Sources */ = {isa = PBXBuildFile; fileRef = B379CC3729B80A6900DECAF5 /* DeviceSize.swift */; };
		B379CC3C29B9B96200DECAF5 /* LocationListView.swift in Sources */ = {isa = PBXBuildFile; fileRef = B379CC3B29B9B96200DECAF5 /* LocationListView.swift */; };
		B379CC3E29B9B9E300DECAF5 /* LocationListVC.swift in Sources */ = {isa = PBXBuildFile; fileRef = B379CC3D29B9B9E300DECAF5 /* LocationListVC.swift */; };
		B379CC4029B9BBD800DECAF5 /* LcoationCVC.swift in Sources */ = {isa = PBXBuildFile; fileRef = B379CC3F29B9BBD800DECAF5 /* LcoationCVC.swift */; };
		B379CC4229B9C21500DECAF5 /* LocationCVCVM.swift in Sources */ = {isa = PBXBuildFile; fileRef = B379CC4129B9C21500DECAF5 /* LocationCVCVM.swift */; };
		B379CC4629B9D91D00DECAF5 /* EpisodeListView.swift in Sources */ = {isa = PBXBuildFile; fileRef = B379CC4529B9D91D00DECAF5 /* EpisodeListView.swift */; };
		B379CC4829B9D9B400DECAF5 /* EpisodeCVC.swift in Sources */ = {isa = PBXBuildFile; fileRef = B379CC4729B9D9B400DECAF5 /* EpisodeCVC.swift */; };
		B379CC4A29B9DBE500DECAF5 /* EpisodeCVCVM.swift in Sources */ = {isa = PBXBuildFile; fileRef = B379CC4929B9DBE500DECAF5 /* EpisodeCVCVM.swift */; };
		B379CC4C29B9DD2200DECAF5 /* EpisodeListVC.swift in Sources */ = {isa = PBXBuildFile; fileRef = B379CC4B29B9DD2200DECAF5 /* EpisodeListVC.swift */; };
		B3938B8629BA064F0070DBFD /* EpisodeDetailVM.swift in Sources */ = {isa = PBXBuildFile; fileRef = B3938B8529BA064F0070DBFD /* EpisodeDetailVM.swift */; };
		B3938B8829BA06EA0070DBFD /* EpisodeDetailCoordinator.swift in Sources */ = {isa = PBXBuildFile; fileRef = B3938B8729BA06EA0070DBFD /* EpisodeDetailCoordinator.swift */; };
		B3938B8C29BA07CC0070DBFD /* EpisodeDetailListVC.swift in Sources */ = {isa = PBXBuildFile; fileRef = B3938B8B29BA07CC0070DBFD /* EpisodeDetailListVC.swift */; };
		B394772529AF8B4400EB0048 /* MenuController.swift in Sources */ = {isa = PBXBuildFile; fileRef = B394772429AF8B4400EB0048 /* MenuController.swift */; };
		B39B6A1F29BF5F3C00636605 /* RatingWebViewController.swift in Sources */ = {isa = PBXBuildFile; fileRef = B39B6A1E29BF5F3C00636605 /* RatingWebViewController.swift */; };
		B39B6A2329C0665900636605 /* ProductionMapVC.swift in Sources */ = {isa = PBXBuildFile; fileRef = B39B6A2129C0665900636605 /* ProductionMapVC.swift */; };
		B39B6A2429C0665900636605 /* ProductionMapVC.xib in Resources */ = {isa = PBXBuildFile; fileRef = B39B6A2229C0665900636605 /* ProductionMapVC.xib */; };
		B39FFC5229B54F6A00398AF2 /* EpisodeVM.swift in Sources */ = {isa = PBXBuildFile; fileRef = B39FFC5129B54F6A00398AF2 /* EpisodeVM.swift */; };
		B39FFC5429B5524500398AF2 /* CharacterVM.swift in Sources */ = {isa = PBXBuildFile; fileRef = B39FFC5329B5524500398AF2 /* CharacterVM.swift */; };
		B39FFC5629B552A600398AF2 /* LocationVM.swift in Sources */ = {isa = PBXBuildFile; fileRef = B39FFC5529B552A600398AF2 /* LocationVM.swift */; };
		B3BAD40E2A4CDACA00CE481B /* BaseRepository.swift in Sources */ = {isa = PBXBuildFile; fileRef = B3BAD40D2A4CDACA00CE481B /* BaseRepository.swift */; };
		B3BAD4102A4CDAFE00CE481B /* CharacterRepository.swift in Sources */ = {isa = PBXBuildFile; fileRef = B3BAD40F2A4CDAFE00CE481B /* CharacterRepository.swift */; };
		B3BAD4122A4F752A00CE481B /* LocationRepository.swift in Sources */ = {isa = PBXBuildFile; fileRef = B3BAD4112A4F752A00CE481B /* LocationRepository.swift */; };
		B3BAD4162A4F775800CE481B /* EpisodeRepository.swift in Sources */ = {isa = PBXBuildFile; fileRef = B3BAD4152A4F775800CE481B /* EpisodeRepository.swift */; };
		B3BD025D29BE924400A24BA4 /* Button.swift in Sources */ = {isa = PBXBuildFile; fileRef = B3BD025C29BE924400A24BA4 /* Button.swift */; };
		B3C1A0E329BD2CD90031FC15 /* CustomNavigationBar.swift in Sources */ = {isa = PBXBuildFile; fileRef = B3C1A0E229BD2CD90031FC15 /* CustomNavigationBar.swift */; };
		B3CF534229BD669E007439FB /* CharacterDetailCoordinator.swift in Sources */ = {isa = PBXBuildFile; fileRef = B3CF534129BD669E007439FB /* CharacterDetailCoordinator.swift */; };
		B3CF534429BD66BC007439FB /* CharacterDetailVM.swift in Sources */ = {isa = PBXBuildFile; fileRef = B3CF534329BD66BC007439FB /* CharacterDetailVM.swift */; };
		B3CF534629BD66CE007439FB /* CharacterDetailListVC.swift in Sources */ = {isa = PBXBuildFile; fileRef = B3CF534529BD66CE007439FB /* CharacterDetailListVC.swift */; };
		B3CF534A29BD700B007439FB /* LocationDetailController.swift in Sources */ = {isa = PBXBuildFile; fileRef = B3CF534929BD700B007439FB /* LocationDetailController.swift */; };
		B3CF534C29BD7019007439FB /* LocationDetailVM.swift in Sources */ = {isa = PBXBuildFile; fileRef = B3CF534B29BD7019007439FB /* LocationDetailVM.swift */; };
		B3CF534E29BD7027007439FB /* LocationDetailListVC.swift in Sources */ = {isa = PBXBuildFile; fileRef = B3CF534D29BD7027007439FB /* LocationDetailListVC.swift */; };
		B3D2734D29B554E100A735C1 /* RMCharacterResponse.swift in Sources */ = {isa = PBXBuildFile; fileRef = B3D2734C29B554E100A735C1 /* RMCharacterResponse.swift */; };
		B3D2734F29B554F300A735C1 /* RMLocationResponse.swift in Sources */ = {isa = PBXBuildFile; fileRef = B3D2734E29B554F300A735C1 /* RMLocationResponse.swift */; };
		B3D2735129B5550200A735C1 /* RMEpisodeResponse.swift in Sources */ = {isa = PBXBuildFile; fileRef = B3D2735029B5550200A735C1 /* RMEpisodeResponse.swift */; };
		B3D2735329B5553300A735C1 /* Info.swift in Sources */ = {isa = PBXBuildFile; fileRef = B3D2735229B5553300A735C1 /* Info.swift */; };
		B3ECC63C29B5D0A400E3663A /* TabBarCoordinator.swift in Sources */ = {isa = PBXBuildFile; fileRef = B3ECC63B29B5D0A400E3663A /* TabBarCoordinator.swift */; };
		B3ECC63E29B5D15C00E3663A /* TabBarKind.swift in Sources */ = {isa = PBXBuildFile; fileRef = B3ECC63D29B5D15C00E3663A /* TabBarKind.swift */; };
		B3ECC64029B5D68800E3663A /* EpisodeCoordinator.swift in Sources */ = {isa = PBXBuildFile; fileRef = B3ECC63F29B5D68800E3663A /* EpisodeCoordinator.swift */; };
		B3ECC64229B5D69300E3663A /* CharacterCoordinator.swift in Sources */ = {isa = PBXBuildFile; fileRef = B3ECC64129B5D69300E3663A /* CharacterCoordinator.swift */; };
		B3ECC64429B5D69E00E3663A /* LocationCoordinator.swift in Sources */ = {isa = PBXBuildFile; fileRef = B3ECC64329B5D69E00E3663A /* LocationCoordinator.swift */; };
		B3ECC64629B5FD0C00E3663A /* UIColor+Additions.swift in Sources */ = {isa = PBXBuildFile; fileRef = B3ECC64529B5FD0C00E3663A /* UIColor+Additions.swift */; };
		B3ECC66029B61CEE00E3663A /* CharacterListVC.swift in Sources */ = {isa = PBXBuildFile; fileRef = B3ECC65F29B61CEE00E3663A /* CharacterListVC.swift */; };
		B3ECC66229B61D1900E3663A /* CharacterListView.swift in Sources */ = {isa = PBXBuildFile; fileRef = B3ECC66129B61D1900E3663A /* CharacterListView.swift */; };
		B3ECC66429B629B800E3663A /* Extensions.swift in Sources */ = {isa = PBXBuildFile; fileRef = B3ECC66329B629B800E3663A /* Extensions.swift */; };
/* End PBXBuildFile section */

/* Begin PBXContainerItemProxy section */
		B35334FE29AF754B00BE1D4E /* PBXContainerItemProxy */ = {
			isa = PBXContainerItemProxy;
			containerPortal = B35334DC29AF754A00BE1D4E /* Project object */;
			proxyType = 1;
			remoteGlobalIDString = B35334E329AF754A00BE1D4E;
			remoteInfo = RickAndMortyApp;
		};
		B353350829AF754B00BE1D4E /* PBXContainerItemProxy */ = {
			isa = PBXContainerItemProxy;
			containerPortal = B35334DC29AF754A00BE1D4E /* Project object */;
			proxyType = 1;
			remoteGlobalIDString = B35334E329AF754A00BE1D4E;
			remoteInfo = RickAndMortyApp;
		};
/* End PBXContainerItemProxy section */

/* Begin PBXFileReference section */
		B342D2AE29B561F7004AC8C1 /* SplashCoordinator.swift */ = {isa = PBXFileReference; lastKnownFileType = sourcecode.swift; path = SplashCoordinator.swift; sourceTree = "<group>"; };
		B342D2B029B56202004AC8C1 /* SplashVM.swift */ = {isa = PBXFileReference; lastKnownFileType = sourcecode.swift; path = SplashVM.swift; sourceTree = "<group>"; };
		B342D2B229B5620F004AC8C1 /* SplashVC.swift */ = {isa = PBXFileReference; lastKnownFileType = sourcecode.swift; path = SplashVC.swift; sourceTree = "<group>"; };
		B342D2B529B56299004AC8C1 /* BaseVC.swift */ = {isa = PBXFileReference; lastKnownFileType = sourcecode.swift; path = BaseVC.swift; sourceTree = "<group>"; };
		B342D2B729B562B9004AC8C1 /* BaseVM.swift */ = {isa = PBXFileReference; lastKnownFileType = sourcecode.swift; path = BaseVM.swift; sourceTree = "<group>"; };
		B342D2CE29B56478004AC8C1 /* ReactiveCoordinator.swift */ = {isa = PBXFileReference; lastKnownFileType = sourcecode.swift; path = ReactiveCoordinator.swift; sourceTree = "<group>"; };
		B342D2D029B56481004AC8C1 /* AppCoordinator.swift */ = {isa = PBXFileReference; lastKnownFileType = sourcecode.swift; path = AppCoordinator.swift; sourceTree = "<group>"; };
		B342D2D229B5656D004AC8C1 /* MenuCoordinator.swift */ = {isa = PBXFileReference; lastKnownFileType = sourcecode.swift; path = MenuCoordinator.swift; sourceTree = "<group>"; };
		B342D2D729B5C8A0004AC8C1 /* TabBar.swift */ = {isa = PBXFileReference; lastKnownFileType = sourcecode.swift; path = TabBar.swift; sourceTree = "<group>"; };
		B35334E429AF754A00BE1D4E /* RickAndMortyApp.app */ = {isa = PBXFileReference; explicitFileType = wrapper.application; includeInIndex = 0; path = RickAndMortyApp.app; sourceTree = BUILT_PRODUCTS_DIR; };
		B35334E729AF754A00BE1D4E /* AppDelegate.swift */ = {isa = PBXFileReference; lastKnownFileType = sourcecode.swift; path = AppDelegate.swift; sourceTree = "<group>"; };
		B35334E929AF754A00BE1D4E /* SceneDelegate.swift */ = {isa = PBXFileReference; lastKnownFileType = sourcecode.swift; path = SceneDelegate.swift; sourceTree = "<group>"; };
		B35334F129AF754A00BE1D4E /* RickAndMortyApp.xcdatamodel */ = {isa = PBXFileReference; lastKnownFileType = wrapper.xcdatamodel; path = RickAndMortyApp.xcdatamodel; sourceTree = "<group>"; };
		B35334F329AF754B00BE1D4E /* Assets.xcassets */ = {isa = PBXFileReference; lastKnownFileType = folder.assetcatalog; path = Assets.xcassets; sourceTree = "<group>"; };
		B35334F829AF754B00BE1D4E /* Info.plist */ = {isa = PBXFileReference; lastKnownFileType = text.plist.xml; path = Info.plist; sourceTree = "<group>"; };
		B35334FD29AF754B00BE1D4E /* RickAndMortyAppTests.xctest */ = {isa = PBXFileReference; explicitFileType = wrapper.cfbundle; includeInIndex = 0; path = RickAndMortyAppTests.xctest; sourceTree = BUILT_PRODUCTS_DIR; };
		B353350129AF754B00BE1D4E /* RickAndMortyAppTests.swift */ = {isa = PBXFileReference; lastKnownFileType = sourcecode.swift; path = RickAndMortyAppTests.swift; sourceTree = "<group>"; };
		B353350729AF754B00BE1D4E /* RickAndMortyAppUITests.xctest */ = {isa = PBXFileReference; explicitFileType = wrapper.cfbundle; includeInIndex = 0; path = RickAndMortyAppUITests.xctest; sourceTree = BUILT_PRODUCTS_DIR; };
		B353350B29AF754B00BE1D4E /* RickAndMortyAppUITests.swift */ = {isa = PBXFileReference; lastKnownFileType = sourcecode.swift; path = RickAndMortyAppUITests.swift; sourceTree = "<group>"; };
		B353350D29AF754B00BE1D4E /* RickAndMortyAppUITestsLaunchTests.swift */ = {isa = PBXFileReference; lastKnownFileType = sourcecode.swift; path = RickAndMortyAppUITestsLaunchTests.swift; sourceTree = "<group>"; };
		B353351B29AF758500BE1D4E /* RMOrigin.swift */ = {isa = PBXFileReference; fileEncoding = 4; lastKnownFileType = sourcecode.swift; path = RMOrigin.swift; sourceTree = "<group>"; };
		B353351C29AF758500BE1D4E /* RMCharacter.swift */ = {isa = PBXFileReference; fileEncoding = 4; lastKnownFileType = sourcecode.swift; path = RMCharacter.swift; sourceTree = "<group>"; };
		B353351E29AF758500BE1D4E /* RMCharacterStatus.swift */ = {isa = PBXFileReference; fileEncoding = 4; lastKnownFileType = sourcecode.swift; path = RMCharacterStatus.swift; sourceTree = "<group>"; };
		B353351F29AF758500BE1D4E /* RMLocation.swift */ = {isa = PBXFileReference; fileEncoding = 4; lastKnownFileType = sourcecode.swift; path = RMLocation.swift; sourceTree = "<group>"; };
		B353352029AF758500BE1D4E /* RMEpisode.swift */ = {isa = PBXFileReference; fileEncoding = 4; lastKnownFileType = sourcecode.swift; path = RMEpisode.swift; sourceTree = "<group>"; };
		B353352129AF758500BE1D4E /* RMCharacterGender.swift */ = {isa = PBXFileReference; fileEncoding = 4; lastKnownFileType = sourcecode.swift; path = RMCharacterGender.swift; sourceTree = "<group>"; };
		B353352229AF758500BE1D4E /* RMSingleLocation.swift */ = {isa = PBXFileReference; fileEncoding = 4; lastKnownFileType = sourcecode.swift; path = RMSingleLocation.swift; sourceTree = "<group>"; };
		B353353B29AF772800BE1D4E /* API.swift */ = {isa = PBXFileReference; lastKnownFileType = sourcecode.swift; path = API.swift; sourceTree = "<group>"; };
		B353353D29AF775400BE1D4E /* NetworkManager.swift */ = {isa = PBXFileReference; lastKnownFileType = sourcecode.swift; path = NetworkManager.swift; sourceTree = "<group>"; };
		B379CC2F29B6344400DECAF5 /* CharacterCVC.swift */ = {isa = PBXFileReference; lastKnownFileType = sourcecode.swift; path = CharacterCVC.swift; sourceTree = "<group>"; };
		B379CC3129B76EB100DECAF5 /* CharacterCVCVM.swift */ = {isa = PBXFileReference; lastKnownFileType = sourcecode.swift; path = CharacterCVCVM.swift; sourceTree = "<group>"; };
		B379CC3729B80A6900DECAF5 /* DeviceSize.swift */ = {isa = PBXFileReference; lastKnownFileType = sourcecode.swift; path = DeviceSize.swift; sourceTree = "<group>"; };
		B379CC3B29B9B96200DECAF5 /* LocationListView.swift */ = {isa = PBXFileReference; lastKnownFileType = sourcecode.swift; path = LocationListView.swift; sourceTree = "<group>"; };
		B379CC3D29B9B9E300DECAF5 /* LocationListVC.swift */ = {isa = PBXFileReference; lastKnownFileType = sourcecode.swift; path = LocationListVC.swift; sourceTree = "<group>"; };
		B379CC3F29B9BBD800DECAF5 /* LcoationCVC.swift */ = {isa = PBXFileReference; lastKnownFileType = sourcecode.swift; path = LcoationCVC.swift; sourceTree = "<group>"; };
		B379CC4129B9C21500DECAF5 /* LocationCVCVM.swift */ = {isa = PBXFileReference; lastKnownFileType = sourcecode.swift; path = LocationCVCVM.swift; sourceTree = "<group>"; };
		B379CC4529B9D91D00DECAF5 /* EpisodeListView.swift */ = {isa = PBXFileReference; lastKnownFileType = sourcecode.swift; path = EpisodeListView.swift; sourceTree = "<group>"; };
		B379CC4729B9D9B400DECAF5 /* EpisodeCVC.swift */ = {isa = PBXFileReference; lastKnownFileType = sourcecode.swift; path = EpisodeCVC.swift; sourceTree = "<group>"; };
		B379CC4929B9DBE500DECAF5 /* EpisodeCVCVM.swift */ = {isa = PBXFileReference; lastKnownFileType = sourcecode.swift; path = EpisodeCVCVM.swift; sourceTree = "<group>"; };
		B379CC4B29B9DD2200DECAF5 /* EpisodeListVC.swift */ = {isa = PBXFileReference; lastKnownFileType = sourcecode.swift; path = EpisodeListVC.swift; sourceTree = "<group>"; };
		B3938B8529BA064F0070DBFD /* EpisodeDetailVM.swift */ = {isa = PBXFileReference; lastKnownFileType = sourcecode.swift; path = EpisodeDetailVM.swift; sourceTree = "<group>"; };
		B3938B8729BA06EA0070DBFD /* EpisodeDetailCoordinator.swift */ = {isa = PBXFileReference; lastKnownFileType = sourcecode.swift; path = EpisodeDetailCoordinator.swift; sourceTree = "<group>"; };
		B3938B8B29BA07CC0070DBFD /* EpisodeDetailListVC.swift */ = {isa = PBXFileReference; lastKnownFileType = sourcecode.swift; path = EpisodeDetailListVC.swift; sourceTree = "<group>"; };
		B394772429AF8B4400EB0048 /* MenuController.swift */ = {isa = PBXFileReference; lastKnownFileType = sourcecode.swift; path = MenuController.swift; sourceTree = "<group>"; };
		B39B6A1E29BF5F3C00636605 /* RatingWebViewController.swift */ = {isa = PBXFileReference; lastKnownFileType = sourcecode.swift; path = RatingWebViewController.swift; sourceTree = "<group>"; };
		B39B6A2129C0665900636605 /* ProductionMapVC.swift */ = {isa = PBXFileReference; lastKnownFileType = sourcecode.swift; path = ProductionMapVC.swift; sourceTree = "<group>"; };
		B39B6A2229C0665900636605 /* ProductionMapVC.xib */ = {isa = PBXFileReference; lastKnownFileType = file.xib; path = ProductionMapVC.xib; sourceTree = "<group>"; };
		B39FFC5129B54F6A00398AF2 /* EpisodeVM.swift */ = {isa = PBXFileReference; lastKnownFileType = sourcecode.swift; path = EpisodeVM.swift; sourceTree = "<group>"; };
		B39FFC5329B5524500398AF2 /* CharacterVM.swift */ = {isa = PBXFileReference; lastKnownFileType = sourcecode.swift; path = CharacterVM.swift; sourceTree = "<group>"; };
		B39FFC5529B552A600398AF2 /* LocationVM.swift */ = {isa = PBXFileReference; lastKnownFileType = sourcecode.swift; path = LocationVM.swift; sourceTree = "<group>"; };
		B3BAD40D2A4CDACA00CE481B /* BaseRepository.swift */ = {isa = PBXFileReference; lastKnownFileType = sourcecode.swift; path = BaseRepository.swift; sourceTree = "<group>"; };
		B3BAD40F2A4CDAFE00CE481B /* CharacterRepository.swift */ = {isa = PBXFileReference; lastKnownFileType = sourcecode.swift; path = CharacterRepository.swift; sourceTree = "<group>"; };
		B3BAD4112A4F752A00CE481B /* LocationRepository.swift */ = {isa = PBXFileReference; lastKnownFileType = sourcecode.swift; path = LocationRepository.swift; sourceTree = "<group>"; };
		B3BAD4152A4F775800CE481B /* EpisodeRepository.swift */ = {isa = PBXFileReference; lastKnownFileType = sourcecode.swift; path = EpisodeRepository.swift; sourceTree = "<group>"; };
		B3BD025C29BE924400A24BA4 /* Button.swift */ = {isa = PBXFileReference; lastKnownFileType = sourcecode.swift; path = Button.swift; sourceTree = "<group>"; };
		B3C1A0E229BD2CD90031FC15 /* CustomNavigationBar.swift */ = {isa = PBXFileReference; lastKnownFileType = sourcecode.swift; path = CustomNavigationBar.swift; sourceTree = "<group>"; };
		B3CF534129BD669E007439FB /* CharacterDetailCoordinator.swift */ = {isa = PBXFileReference; lastKnownFileType = sourcecode.swift; path = CharacterDetailCoordinator.swift; sourceTree = "<group>"; };
		B3CF534329BD66BC007439FB /* CharacterDetailVM.swift */ = {isa = PBXFileReference; lastKnownFileType = sourcecode.swift; path = CharacterDetailVM.swift; sourceTree = "<group>"; };
		B3CF534529BD66CE007439FB /* CharacterDetailListVC.swift */ = {isa = PBXFileReference; lastKnownFileType = sourcecode.swift; path = CharacterDetailListVC.swift; sourceTree = "<group>"; };
		B3CF534929BD700B007439FB /* LocationDetailController.swift */ = {isa = PBXFileReference; lastKnownFileType = sourcecode.swift; path = LocationDetailController.swift; sourceTree = "<group>"; };
		B3CF534B29BD7019007439FB /* LocationDetailVM.swift */ = {isa = PBXFileReference; lastKnownFileType = sourcecode.swift; path = LocationDetailVM.swift; sourceTree = "<group>"; };
		B3CF534D29BD7027007439FB /* LocationDetailListVC.swift */ = {isa = PBXFileReference; lastKnownFileType = sourcecode.swift; path = LocationDetailListVC.swift; sourceTree = "<group>"; };
		B3D2734C29B554E100A735C1 /* RMCharacterResponse.swift */ = {isa = PBXFileReference; lastKnownFileType = sourcecode.swift; path = RMCharacterResponse.swift; sourceTree = "<group>"; };
		B3D2734E29B554F300A735C1 /* RMLocationResponse.swift */ = {isa = PBXFileReference; lastKnownFileType = sourcecode.swift; path = RMLocationResponse.swift; sourceTree = "<group>"; };
		B3D2735029B5550200A735C1 /* RMEpisodeResponse.swift */ = {isa = PBXFileReference; lastKnownFileType = sourcecode.swift; path = RMEpisodeResponse.swift; sourceTree = "<group>"; };
		B3D2735229B5553300A735C1 /* Info.swift */ = {isa = PBXFileReference; lastKnownFileType = sourcecode.swift; path = Info.swift; sourceTree = "<group>"; };
		B3ECC63B29B5D0A400E3663A /* TabBarCoordinator.swift */ = {isa = PBXFileReference; lastKnownFileType = sourcecode.swift; path = TabBarCoordinator.swift; sourceTree = "<group>"; };
		B3ECC63D29B5D15C00E3663A /* TabBarKind.swift */ = {isa = PBXFileReference; lastKnownFileType = sourcecode.swift; path = TabBarKind.swift; sourceTree = "<group>"; };
		B3ECC63F29B5D68800E3663A /* EpisodeCoordinator.swift */ = {isa = PBXFileReference; lastKnownFileType = sourcecode.swift; path = EpisodeCoordinator.swift; sourceTree = "<group>"; };
		B3ECC64129B5D69300E3663A /* CharacterCoordinator.swift */ = {isa = PBXFileReference; lastKnownFileType = sourcecode.swift; path = CharacterCoordinator.swift; sourceTree = "<group>"; };
		B3ECC64329B5D69E00E3663A /* LocationCoordinator.swift */ = {isa = PBXFileReference; lastKnownFileType = sourcecode.swift; path = LocationCoordinator.swift; sourceTree = "<group>"; };
		B3ECC64529B5FD0C00E3663A /* UIColor+Additions.swift */ = {isa = PBXFileReference; lastKnownFileType = sourcecode.swift; path = "UIColor+Additions.swift"; sourceTree = "<group>"; };
		B3ECC65F29B61CEE00E3663A /* CharacterListVC.swift */ = {isa = PBXFileReference; lastKnownFileType = sourcecode.swift; path = CharacterListVC.swift; sourceTree = "<group>"; };
		B3ECC66129B61D1900E3663A /* CharacterListView.swift */ = {isa = PBXFileReference; lastKnownFileType = sourcecode.swift; path = CharacterListView.swift; sourceTree = "<group>"; };
		B3ECC66329B629B800E3663A /* Extensions.swift */ = {isa = PBXFileReference; lastKnownFileType = sourcecode.swift; path = Extensions.swift; sourceTree = "<group>"; };
/* End PBXFileReference section */

/* Begin PBXFrameworksBuildPhase section */
		B35334E129AF754A00BE1D4E /* Frameworks */ = {
			isa = PBXFrameworksBuildPhase;
			buildActionMask = 2147483647;
			files = (
				B353353229AF75C500BE1D4E /* Moya in Frameworks */,
				B342D2C729B5643F004AC8C1 /* RxSwift in Frameworks */,
				B353353629AF75C500BE1D4E /* RxMoya in Frameworks */,
				B379CC3629B7FD7000DECAF5 /* SDWebImage in Frameworks */,
				B353353929AF76B900BE1D4E /* SideMenu in Frameworks */,
				B342D2BF29B5643F004AC8C1 /* RxCocoa in Frameworks */,
				B353353429AF75C500BE1D4E /* ReactiveMoya in Frameworks */,
			);
			runOnlyForDeploymentPostprocessing = 0;
		};
		B35334FA29AF754B00BE1D4E /* Frameworks */ = {
			isa = PBXFrameworksBuildPhase;
			buildActionMask = 2147483647;
			files = (
			);
			runOnlyForDeploymentPostprocessing = 0;
		};
		B353350429AF754B00BE1D4E /* Frameworks */ = {
			isa = PBXFrameworksBuildPhase;
			buildActionMask = 2147483647;
			files = (
			);
			runOnlyForDeploymentPostprocessing = 0;
		};
/* End PBXFrameworksBuildPhase section */

/* Begin PBXGroup section */
		B310684A29B544E30025F288 /* RMDataModel */ = {
			isa = PBXGroup;
			children = (
				B353351C29AF758500BE1D4E /* RMCharacter.swift */,
				B353352029AF758500BE1D4E /* RMEpisode.swift */,
				B353351F29AF758500BE1D4E /* RMLocation.swift */,
				B353351E29AF758500BE1D4E /* RMCharacterStatus.swift */,
				B353351B29AF758500BE1D4E /* RMOrigin.swift */,
				B353352129AF758500BE1D4E /* RMCharacterGender.swift */,
				B353352229AF758500BE1D4E /* RMSingleLocation.swift */,
				B3D2735229B5553300A735C1 /* Info.swift */,
			);
			path = RMDataModel;
			sourceTree = "<group>";
		};
		B342D2AB29B561BC004AC8C1 /* Menu */ = {
			isa = PBXGroup;
			children = (
				B394772429AF8B4400EB0048 /* MenuController.swift */,
				B342D2D229B5656D004AC8C1 /* MenuCoordinator.swift */,
			);
			path = Menu;
			sourceTree = "<group>";
		};
		B342D2AC29B561E1004AC8C1 /* Splash */ = {
			isa = PBXGroup;
			children = (
				B342D2AE29B561F7004AC8C1 /* SplashCoordinator.swift */,
				B342D2B029B56202004AC8C1 /* SplashVM.swift */,
				B342D2B229B5620F004AC8C1 /* SplashVC.swift */,
			);
			path = Splash;
			sourceTree = "<group>";
		};
		B342D2B429B56284004AC8C1 /* Bases */ = {
			isa = PBXGroup;
			children = (
				B3BAD40D2A4CDACA00CE481B /* BaseRepository.swift */,
				B342D2B529B56299004AC8C1 /* BaseVC.swift */,
				B342D2B729B562B9004AC8C1 /* BaseVM.swift */,
			);
			path = Bases;
			sourceTree = "<group>";
		};
		B342D2D629B5C88A004AC8C1 /* TabBar */ = {
			isa = PBXGroup;
			children = (
				B3ECC63B29B5D0A400E3663A /* TabBarCoordinator.swift */,
				B342D2D729B5C8A0004AC8C1 /* TabBar.swift */,
				B3ECC63D29B5D15C00E3663A /* TabBarKind.swift */,
			);
			path = TabBar;
			sourceTree = "<group>";
		};
		B35334DB29AF754A00BE1D4E = {
			isa = PBXGroup;
			children = (
				B35334E629AF754A00BE1D4E /* RickAndMortyApp */,
				B353350029AF754B00BE1D4E /* RickAndMortyAppTests */,
				B353350A29AF754B00BE1D4E /* RickAndMortyAppUITests */,
				B35334E529AF754A00BE1D4E /* Products */,
			);
			sourceTree = "<group>";
		};
		B35334E529AF754A00BE1D4E /* Products */ = {
			isa = PBXGroup;
			children = (
				B35334E429AF754A00BE1D4E /* RickAndMortyApp.app */,
				B35334FD29AF754B00BE1D4E /* RickAndMortyAppTests.xctest */,
				B353350729AF754B00BE1D4E /* RickAndMortyAppUITests.xctest */,
			);
			name = Products;
			sourceTree = "<group>";
		};
		B35334E629AF754A00BE1D4E /* RickAndMortyApp */ = {
			isa = PBXGroup;
			children = (
				B394773829AF91A900EB0048 /* App */,
				B353353A29AF771700BE1D4E /* Network */,
				B3ECC64729B601CE00E3663A /* Extensions */,
				B342D2B429B56284004AC8C1 /* Bases */,
				B353351A29AF758500BE1D4E /* Model */,
				B353353F29AF77ED00BE1D4E /* Modules */,
				B35334F329AF754B00BE1D4E /* Assets.xcassets */,
				B35334F829AF754B00BE1D4E /* Info.plist */,
				B35334F029AF754A00BE1D4E /* RickAndMortyApp.xcdatamodeld */,
			);
			path = RickAndMortyApp;
			sourceTree = "<group>";
		};
		B353350029AF754B00BE1D4E /* RickAndMortyAppTests */ = {
			isa = PBXGroup;
			children = (
				B353350129AF754B00BE1D4E /* RickAndMortyAppTests.swift */,
			);
			path = RickAndMortyAppTests;
			sourceTree = "<group>";
		};
		B353350A29AF754B00BE1D4E /* RickAndMortyAppUITests */ = {
			isa = PBXGroup;
			children = (
				B353350B29AF754B00BE1D4E /* RickAndMortyAppUITests.swift */,
				B353350D29AF754B00BE1D4E /* RickAndMortyAppUITestsLaunchTests.swift */,
			);
			path = RickAndMortyAppUITests;
			sourceTree = "<group>";
		};
		B353351A29AF758500BE1D4E /* Model */ = {
			isa = PBXGroup;
			children = (
				B3D2734A29B554B200A735C1 /* RMResponseModel */,
				B310684A29B544E30025F288 /* RMDataModel */,
			);
			path = Model;
			sourceTree = "<group>";
		};
		B353353A29AF771700BE1D4E /* Network */ = {
			isa = PBXGroup;
			children = (
				B353353B29AF772800BE1D4E /* API.swift */,
				B353353D29AF775400BE1D4E /* NetworkManager.swift */,
			);
			path = Network;
			sourceTree = "<group>";
		};
		B353353F29AF77ED00BE1D4E /* Modules */ = {
			isa = PBXGroup;
			children = (
				B3CE336C29BB7BE0007C6837 /* NavigationController */,
				B342D2AC29B561E1004AC8C1 /* Splash */,
				B342D2D629B5C88A004AC8C1 /* TabBar */,
				B394773D29AF96D000EB0048 /* Character */,
				B3938B8029BA05A00070DBFD /* CharcterDetail */,
				B394773C29AF96C500EB0048 /* Location */,
				B3938B8329BA05E80070DBFD /* LocationDetail */,
				B394773E29AF96E100EB0048 /* Episode */,
				B3938B8429BA06020070DBFD /* EpisodeDetail */,
				B342D2AB29B561BC004AC8C1 /* Menu */,
				B39B6A1D29BF5F1800636605 /* Ratings */,
				B39B6A2029C0660800636605 /* Store */,
			);
			path = Modules;
			sourceTree = "<group>";
		};
		B3938B8029BA05A00070DBFD /* CharcterDetail */ = {
			isa = PBXGroup;
			children = (
				B3CF534129BD669E007439FB /* CharacterDetailCoordinator.swift */,
				B3CF534329BD66BC007439FB /* CharacterDetailVM.swift */,
				B3CF534529BD66CE007439FB /* CharacterDetailListVC.swift */,
			);
			path = CharcterDetail;
			sourceTree = "<group>";
		};
		B3938B8329BA05E80070DBFD /* LocationDetail */ = {
			isa = PBXGroup;
			children = (
				B3CF534929BD700B007439FB /* LocationDetailController.swift */,
				B3CF534B29BD7019007439FB /* LocationDetailVM.swift */,
				B3CF534D29BD7027007439FB /* LocationDetailListVC.swift */,
			);
			path = LocationDetail;
			sourceTree = "<group>";
		};
		B3938B8429BA06020070DBFD /* EpisodeDetail */ = {
			isa = PBXGroup;
			children = (
				B3938B8729BA06EA0070DBFD /* EpisodeDetailCoordinator.swift */,
				B3938B8529BA064F0070DBFD /* EpisodeDetailVM.swift */,
				B3938B8B29BA07CC0070DBFD /* EpisodeDetailListVC.swift */,
			);
			path = EpisodeDetail;
			sourceTree = "<group>";
		};
		B394773829AF91A900EB0048 /* App */ = {
			isa = PBXGroup;
			children = (
				B35334E729AF754A00BE1D4E /* AppDelegate.swift */,
				B35334E929AF754A00BE1D4E /* SceneDelegate.swift */,
				B342D2CE29B56478004AC8C1 /* ReactiveCoordinator.swift */,
				B342D2D029B56481004AC8C1 /* AppCoordinator.swift */,
			);
			path = App;
			sourceTree = "<group>";
		};
		B394773C29AF96C500EB0048 /* Location */ = {
			isa = PBXGroup;
			children = (
				B3BAD4112A4F752A00CE481B /* LocationRepository.swift */,
				B3ECC64329B5D69E00E3663A /* LocationCoordinator.swift */,
				B39FFC5529B552A600398AF2 /* LocationVM.swift */,
				B379CC3D29B9B9E300DECAF5 /* LocationListVC.swift */,
				B379CC3B29B9B96200DECAF5 /* LocationListView.swift */,
				B379CC3F29B9BBD800DECAF5 /* LcoationCVC.swift */,
				B379CC4129B9C21500DECAF5 /* LocationCVCVM.swift */,
			);
			path = Location;
			sourceTree = "<group>";
		};
		B394773D29AF96D000EB0048 /* Character */ = {
			isa = PBXGroup;
			children = (
				B3BAD40F2A4CDAFE00CE481B /* CharacterRepository.swift */,
				B3ECC64129B5D69300E3663A /* CharacterCoordinator.swift */,
				B39FFC5329B5524500398AF2 /* CharacterVM.swift */,
				B3ECC65F29B61CEE00E3663A /* CharacterListVC.swift */,
				B3ECC66129B61D1900E3663A /* CharacterListView.swift */,
				B379CC2F29B6344400DECAF5 /* CharacterCVC.swift */,
				B379CC3129B76EB100DECAF5 /* CharacterCVCVM.swift */,
			);
			path = Character;
			sourceTree = "<group>";
		};
		B394773E29AF96E100EB0048 /* Episode */ = {
			isa = PBXGroup;
			children = (
				B3BAD4152A4F775800CE481B /* EpisodeRepository.swift */,
				B3ECC63F29B5D68800E3663A /* EpisodeCoordinator.swift */,
				B39FFC5129B54F6A00398AF2 /* EpisodeVM.swift */,
				B379CC4B29B9DD2200DECAF5 /* EpisodeListVC.swift */,
				B379CC4529B9D91D00DECAF5 /* EpisodeListView.swift */,
				B379CC4729B9D9B400DECAF5 /* EpisodeCVC.swift */,
				B379CC4929B9DBE500DECAF5 /* EpisodeCVCVM.swift */,
			);
			path = Episode;
			sourceTree = "<group>";
		};
		B39B6A1D29BF5F1800636605 /* Ratings */ = {
			isa = PBXGroup;
			children = (
				B39B6A1E29BF5F3C00636605 /* RatingWebViewController.swift */,
			);
			path = Ratings;
			sourceTree = "<group>";
		};
		B39B6A2029C0660800636605 /* Store */ = {
			isa = PBXGroup;
			children = (
				B39B6A2129C0665900636605 /* ProductionMapVC.swift */,
				B39B6A2229C0665900636605 /* ProductionMapVC.xib */,
			);
			path = Store;
			sourceTree = "<group>";
		};
		B3CE336C29BB7BE0007C6837 /* NavigationController */ = {
			isa = PBXGroup;
			children = (
				B3C1A0E229BD2CD90031FC15 /* CustomNavigationBar.swift */,
			);
			path = NavigationController;
			sourceTree = "<group>";
		};
		B3D2734A29B554B200A735C1 /* RMResponseModel */ = {
			isa = PBXGroup;
			children = (
				B3D2734C29B554E100A735C1 /* RMCharacterResponse.swift */,
				B3D2734E29B554F300A735C1 /* RMLocationResponse.swift */,
				B3D2735029B5550200A735C1 /* RMEpisodeResponse.swift */,
			);
			path = RMResponseModel;
			sourceTree = "<group>";
		};
		B3ECC64729B601CE00E3663A /* Extensions */ = {
			isa = PBXGroup;
			children = (
				B3ECC64529B5FD0C00E3663A /* UIColor+Additions.swift */,
				B3ECC66329B629B800E3663A /* Extensions.swift */,
				B379CC3729B80A6900DECAF5 /* DeviceSize.swift */,
				B3BD025C29BE924400A24BA4 /* Button.swift */,
			);
			path = Extensions;
			sourceTree = "<group>";
		};
/* End PBXGroup section */

/* Begin PBXNativeTarget section */
		B35334E329AF754A00BE1D4E /* RickAndMortyApp */ = {
			isa = PBXNativeTarget;
			buildConfigurationList = B353351129AF754B00BE1D4E /* Build configuration list for PBXNativeTarget "RickAndMortyApp" */;
			buildPhases = (
				B35334E029AF754A00BE1D4E /* Sources */,
				B35334E129AF754A00BE1D4E /* Frameworks */,
				B35334E229AF754A00BE1D4E /* Resources */,
				B3BAD40C2A4A2BE200CE481B /* Swiftlint Run */,
			);
			buildRules = (
			);
			dependencies = (
			);
			name = RickAndMortyApp;
			packageProductDependencies = (
				B353353129AF75C500BE1D4E /* Moya */,
				B353353329AF75C500BE1D4E /* ReactiveMoya */,
				B353353529AF75C500BE1D4E /* RxMoya */,
				B353353829AF76B900BE1D4E /* SideMenu */,
				B342D2BE29B5643F004AC8C1 /* RxCocoa */,
				B342D2C629B5643F004AC8C1 /* RxSwift */,
				B379CC3529B7FD7000DECAF5 /* SDWebImage */,
			);
			productName = RickAndMortyApp;
			productReference = B35334E429AF754A00BE1D4E /* RickAndMortyApp.app */;
			productType = "com.apple.product-type.application";
		};
		B35334FC29AF754B00BE1D4E /* RickAndMortyAppTests */ = {
			isa = PBXNativeTarget;
			buildConfigurationList = B353351429AF754B00BE1D4E /* Build configuration list for PBXNativeTarget "RickAndMortyAppTests" */;
			buildPhases = (
				B35334F929AF754B00BE1D4E /* Sources */,
				B35334FA29AF754B00BE1D4E /* Frameworks */,
				B35334FB29AF754B00BE1D4E /* Resources */,
			);
			buildRules = (
			);
			dependencies = (
				B35334FF29AF754B00BE1D4E /* PBXTargetDependency */,
			);
			name = RickAndMortyAppTests;
			productName = RickAndMortyAppTests;
			productReference = B35334FD29AF754B00BE1D4E /* RickAndMortyAppTests.xctest */;
			productType = "com.apple.product-type.bundle.unit-test";
		};
		B353350629AF754B00BE1D4E /* RickAndMortyAppUITests */ = {
			isa = PBXNativeTarget;
			buildConfigurationList = B353351729AF754B00BE1D4E /* Build configuration list for PBXNativeTarget "RickAndMortyAppUITests" */;
			buildPhases = (
				B353350329AF754B00BE1D4E /* Sources */,
				B353350429AF754B00BE1D4E /* Frameworks */,
				B353350529AF754B00BE1D4E /* Resources */,
			);
			buildRules = (
			);
			dependencies = (
				B353350929AF754B00BE1D4E /* PBXTargetDependency */,
			);
			name = RickAndMortyAppUITests;
			productName = RickAndMortyAppUITests;
			productReference = B353350729AF754B00BE1D4E /* RickAndMortyAppUITests.xctest */;
			productType = "com.apple.product-type.bundle.ui-testing";
		};
/* End PBXNativeTarget section */

/* Begin PBXProject section */
		B35334DC29AF754A00BE1D4E /* Project object */ = {
			isa = PBXProject;
			attributes = {
				BuildIndependentTargetsInParallel = 1;
				LastSwiftUpdateCheck = 1420;
				LastUpgradeCheck = 1420;
				TargetAttributes = {
					B35334E329AF754A00BE1D4E = {
						CreatedOnToolsVersion = 14.2;
					};
					B35334FC29AF754B00BE1D4E = {
						CreatedOnToolsVersion = 14.2;
						TestTargetID = B35334E329AF754A00BE1D4E;
					};
					B353350629AF754B00BE1D4E = {
						CreatedOnToolsVersion = 14.2;
						TestTargetID = B35334E329AF754A00BE1D4E;
					};
				};
			};
			buildConfigurationList = B35334DF29AF754A00BE1D4E /* Build configuration list for PBXProject "RickAndMortyApp" */;
			compatibilityVersion = "Xcode 14.0";
			developmentRegion = en;
			hasScannedForEncodings = 0;
			knownRegions = (
				en,
				Base,
			);
			mainGroup = B35334DB29AF754A00BE1D4E;
			packageReferences = (
				B353352E29AF75C500BE1D4E /* XCRemoteSwiftPackageReference "Moya" */,
				B353353729AF76B900BE1D4E /* XCRemoteSwiftPackageReference "SideMenu" */,
				B342D2B929B5643F004AC8C1 /* XCRemoteSwiftPackageReference "RxSwift" */,
				B379CC3429B7FD7000DECAF5 /* XCRemoteSwiftPackageReference "SDWebImage" */,
			);
			productRefGroup = B35334E529AF754A00BE1D4E /* Products */;
			projectDirPath = "";
			projectRoot = "";
			targets = (
				B35334E329AF754A00BE1D4E /* RickAndMortyApp */,
				B35334FC29AF754B00BE1D4E /* RickAndMortyAppTests */,
				B353350629AF754B00BE1D4E /* RickAndMortyAppUITests */,
			);
		};
/* End PBXProject section */

/* Begin PBXResourcesBuildPhase section */
		B35334E229AF754A00BE1D4E /* Resources */ = {
			isa = PBXResourcesBuildPhase;
			buildActionMask = 2147483647;
			files = (
				B39B6A2429C0665900636605 /* ProductionMapVC.xib in Resources */,
				B35334F429AF754B00BE1D4E /* Assets.xcassets in Resources */,
			);
			runOnlyForDeploymentPostprocessing = 0;
		};
		B35334FB29AF754B00BE1D4E /* Resources */ = {
			isa = PBXResourcesBuildPhase;
			buildActionMask = 2147483647;
			files = (
			);
			runOnlyForDeploymentPostprocessing = 0;
		};
		B353350529AF754B00BE1D4E /* Resources */ = {
			isa = PBXResourcesBuildPhase;
			buildActionMask = 2147483647;
			files = (
			);
			runOnlyForDeploymentPostprocessing = 0;
		};
/* End PBXResourcesBuildPhase section */

/* Begin PBXShellScriptBuildPhase section */
		B3BAD40C2A4A2BE200CE481B /* Swiftlint Run */ = {
			isa = PBXShellScriptBuildPhase;
			buildActionMask = 2147483647;
			files = (
			);
			inputFileListPaths = (
			);
			inputPaths = (
			);
			name = "Swiftlint Run";
			outputFileListPaths = (
			);
			outputPaths = (
			);
			runOnlyForDeploymentPostprocessing = 0;
			shellPath = /bin/sh;
			shellScript = "    if which swiftlint >/dev/null; then\n        swiftlint --fix && swiftlint \n    else\n      echo \"warning: SwiftLint not installed, download from https://github.com/realm/SwiftLint\"\n    fi\n";
		};
/* End PBXShellScriptBuildPhase section */

/* Begin PBXSourcesBuildPhase section */
		B35334E029AF754A00BE1D4E /* Sources */ = {
			isa = PBXSourcesBuildPhase;
			buildActionMask = 2147483647;
			files = (
				B3CF534C29BD7019007439FB /* LocationDetailVM.swift in Sources */,
				B3BAD4102A4CDAFE00CE481B /* CharacterRepository.swift in Sources */,
				B3938B8829BA06EA0070DBFD /* EpisodeDetailCoordinator.swift in Sources */,
				B353352629AF758500BE1D4E /* RMCharacter.swift in Sources */,
				B379CC4029B9BBD800DECAF5 /* LcoationCVC.swift in Sources */,
				B342D2AF29B561F7004AC8C1 /* SplashCoordinator.swift in Sources */,
				B3D2735129B5550200A735C1 /* RMEpisodeResponse.swift in Sources */,
				B3BAD4162A4F775800CE481B /* EpisodeRepository.swift in Sources */,
				B3ECC63C29B5D0A400E3663A /* TabBarCoordinator.swift in Sources */,
				B3BD025D29BE924400A24BA4 /* Button.swift in Sources */,
				B3ECC66229B61D1900E3663A /* CharacterListView.swift in Sources */,
				B3D2734F29B554F300A735C1 /* RMLocationResponse.swift in Sources */,
				B342D2B629B56299004AC8C1 /* BaseVC.swift in Sources */,
				B3ECC64029B5D68800E3663A /* EpisodeCoordinator.swift in Sources */,
				B342D2D929B5C8A0004AC8C1 /* TabBar.swift in Sources */,
				B342D2D329B5656D004AC8C1 /* MenuCoordinator.swift in Sources */,
				B353352A29AF758500BE1D4E /* RMEpisode.swift in Sources */,
				B3BAD4122A4F752A00CE481B /* LocationRepository.swift in Sources */,
				B3938B8C29BA07CC0070DBFD /* EpisodeDetailListVC.swift in Sources */,
				B353352829AF758500BE1D4E /* RMCharacterStatus.swift in Sources */,
				B39B6A1F29BF5F3C00636605 /* RatingWebViewController.swift in Sources */,
				B342D2B129B56202004AC8C1 /* SplashVM.swift in Sources */,
				B3ECC66429B629B800E3663A /* Extensions.swift in Sources */,
				B39FFC5629B552A600398AF2 /* LocationVM.swift in Sources */,
				B379CC3E29B9B9E300DECAF5 /* LocationListVC.swift in Sources */,
				B3ECC64629B5FD0C00E3663A /* UIColor+Additions.swift in Sources */,
				B342D2CF29B56478004AC8C1 /* ReactiveCoordinator.swift in Sources */,
				B35334F229AF754A00BE1D4E /* RickAndMortyApp.xcdatamodeld in Sources */,
				B3ECC63E29B5D15C00E3663A /* TabBarKind.swift in Sources */,
				B379CC4C29B9DD2200DECAF5 /* EpisodeListVC.swift in Sources */,
				B379CC3029B6344400DECAF5 /* CharacterCVC.swift in Sources */,
				B353352929AF758500BE1D4E /* RMLocation.swift in Sources */,
				B379CC4229B9C21500DECAF5 /* LocationCVCVM.swift in Sources */,
				B39B6A2329C0665900636605 /* ProductionMapVC.swift in Sources */,
				B342D2B329B5620F004AC8C1 /* SplashVC.swift in Sources */,
				B379CC4A29B9DBE500DECAF5 /* EpisodeCVCVM.swift in Sources */,
				B379CC3829B80A6900DECAF5 /* DeviceSize.swift in Sources */,
				B39FFC5429B5524500398AF2 /* CharacterVM.swift in Sources */,
				B3D2734D29B554E100A735C1 /* RMCharacterResponse.swift in Sources */,
				B353352C29AF758500BE1D4E /* RMSingleLocation.swift in Sources */,
				B342D2D129B56481004AC8C1 /* AppCoordinator.swift in Sources */,
				B379CC4629B9D91D00DECAF5 /* EpisodeListView.swift in Sources */,
				B342D2B829B562B9004AC8C1 /* BaseVM.swift in Sources */,
				B3ECC66029B61CEE00E3663A /* CharacterListVC.swift in Sources */,
				B3CF534A29BD700B007439FB /* LocationDetailController.swift in Sources */,
				B394772529AF8B4400EB0048 /* MenuController.swift in Sources */,
				B379CC4829B9D9B400DECAF5 /* EpisodeCVC.swift in Sources */,
				B3CF534629BD66CE007439FB /* CharacterDetailListVC.swift in Sources */,
				B353353C29AF772800BE1D4E /* API.swift in Sources */,
				B3ECC64429B5D69E00E3663A /* LocationCoordinator.swift in Sources */,
				B3ECC64229B5D69300E3663A /* CharacterCoordinator.swift in Sources */,
				B3C1A0E329BD2CD90031FC15 /* CustomNavigationBar.swift in Sources */,
				B353352B29AF758500BE1D4E /* RMCharacterGender.swift in Sources */,
				B3CF534429BD66BC007439FB /* CharacterDetailVM.swift in Sources */,
				B353353E29AF775400BE1D4E /* NetworkManager.swift in Sources */,
				B35334E829AF754A00BE1D4E /* AppDelegate.swift in Sources */,
				B3CF534229BD669E007439FB /* CharacterDetailCoordinator.swift in Sources */,
				B379CC3C29B9B96200DECAF5 /* LocationListView.swift in Sources */,
				B353352529AF758500BE1D4E /* RMOrigin.swift in Sources */,
				B3938B8629BA064F0070DBFD /* EpisodeDetailVM.swift in Sources */,
				B3BAD40E2A4CDACA00CE481B /* BaseRepository.swift in Sources */,
				B39FFC5229B54F6A00398AF2 /* EpisodeVM.swift in Sources */,
				B3CF534E29BD7027007439FB /* LocationDetailListVC.swift in Sources */,
				B3D2735329B5553300A735C1 /* Info.swift in Sources */,
				B35334EA29AF754A00BE1D4E /* SceneDelegate.swift in Sources */,
				B379CC3229B76EB100DECAF5 /* CharacterCVCVM.swift in Sources */,
			);
			runOnlyForDeploymentPostprocessing = 0;
		};
		B35334F929AF754B00BE1D4E /* Sources */ = {
			isa = PBXSourcesBuildPhase;
			buildActionMask = 2147483647;
			files = (
				B353350229AF754B00BE1D4E /* RickAndMortyAppTests.swift in Sources */,
			);
			runOnlyForDeploymentPostprocessing = 0;
		};
		B353350329AF754B00BE1D4E /* Sources */ = {
			isa = PBXSourcesBuildPhase;
			buildActionMask = 2147483647;
			files = (
				B353350C29AF754B00BE1D4E /* RickAndMortyAppUITests.swift in Sources */,
				B353350E29AF754B00BE1D4E /* RickAndMortyAppUITestsLaunchTests.swift in Sources */,
			);
			runOnlyForDeploymentPostprocessing = 0;
		};
/* End PBXSourcesBuildPhase section */

/* Begin PBXTargetDependency section */
		B35334FF29AF754B00BE1D4E /* PBXTargetDependency */ = {
			isa = PBXTargetDependency;
			target = B35334E329AF754A00BE1D4E /* RickAndMortyApp */;
			targetProxy = B35334FE29AF754B00BE1D4E /* PBXContainerItemProxy */;
		};
		B353350929AF754B00BE1D4E /* PBXTargetDependency */ = {
			isa = PBXTargetDependency;
			target = B35334E329AF754A00BE1D4E /* RickAndMortyApp */;
			targetProxy = B353350829AF754B00BE1D4E /* PBXContainerItemProxy */;
		};
/* End PBXTargetDependency section */

/* Begin XCBuildConfiguration section */
		B353350F29AF754B00BE1D4E /* Debug */ = {
			isa = XCBuildConfiguration;
			buildSettings = {
				ALWAYS_SEARCH_USER_PATHS = NO;
				CLANG_ANALYZER_NONNULL = YES;
				CLANG_ANALYZER_NUMBER_OBJECT_CONVERSION = YES_AGGRESSIVE;
				CLANG_CXX_LANGUAGE_STANDARD = "gnu++20";
				CLANG_ENABLE_MODULES = YES;
				CLANG_ENABLE_OBJC_ARC = YES;
				CLANG_ENABLE_OBJC_WEAK = YES;
				CLANG_WARN_BLOCK_CAPTURE_AUTORELEASING = YES;
				CLANG_WARN_BOOL_CONVERSION = YES;
				CLANG_WARN_COMMA = YES;
				CLANG_WARN_CONSTANT_CONVERSION = YES;
				CLANG_WARN_DEPRECATED_OBJC_IMPLEMENTATIONS = YES;
				CLANG_WARN_DIRECT_OBJC_ISA_USAGE = YES_ERROR;
				CLANG_WARN_DOCUMENTATION_COMMENTS = YES;
				CLANG_WARN_EMPTY_BODY = YES;
				CLANG_WARN_ENUM_CONVERSION = YES;
				CLANG_WARN_INFINITE_RECURSION = YES;
				CLANG_WARN_INT_CONVERSION = YES;
				CLANG_WARN_NON_LITERAL_NULL_CONVERSION = YES;
				CLANG_WARN_OBJC_IMPLICIT_RETAIN_SELF = YES;
				CLANG_WARN_OBJC_LITERAL_CONVERSION = YES;
				CLANG_WARN_OBJC_ROOT_CLASS = YES_ERROR;
				CLANG_WARN_QUOTED_INCLUDE_IN_FRAMEWORK_HEADER = YES;
				CLANG_WARN_RANGE_LOOP_ANALYSIS = YES;
				CLANG_WARN_STRICT_PROTOTYPES = YES;
				CLANG_WARN_SUSPICIOUS_MOVE = YES;
				CLANG_WARN_UNGUARDED_AVAILABILITY = YES_AGGRESSIVE;
				CLANG_WARN_UNREACHABLE_CODE = YES;
				CLANG_WARN__DUPLICATE_METHOD_MATCH = YES;
				COPY_PHASE_STRIP = NO;
				DEBUG_INFORMATION_FORMAT = dwarf;
				ENABLE_STRICT_OBJC_MSGSEND = YES;
				ENABLE_TESTABILITY = YES;
				GCC_C_LANGUAGE_STANDARD = gnu11;
				GCC_DYNAMIC_NO_PIC = NO;
				GCC_NO_COMMON_BLOCKS = YES;
				GCC_OPTIMIZATION_LEVEL = 0;
				GCC_PREPROCESSOR_DEFINITIONS = (
					"DEBUG=1",
					"$(inherited)",
				);
				GCC_WARN_64_TO_32_BIT_CONVERSION = YES;
				GCC_WARN_ABOUT_RETURN_TYPE = YES_ERROR;
				GCC_WARN_UNDECLARED_SELECTOR = YES;
				GCC_WARN_UNINITIALIZED_AUTOS = YES_AGGRESSIVE;
				GCC_WARN_UNUSED_FUNCTION = YES;
				GCC_WARN_UNUSED_VARIABLE = YES;
				IPHONEOS_DEPLOYMENT_TARGET = 16.2;
				MTL_ENABLE_DEBUG_INFO = INCLUDE_SOURCE;
				MTL_FAST_MATH = YES;
				ONLY_ACTIVE_ARCH = YES;
				SDKROOT = iphoneos;
				SWIFT_ACTIVE_COMPILATION_CONDITIONS = DEBUG;
				SWIFT_OPTIMIZATION_LEVEL = "-Onone";
			};
			name = Debug;
		};
		B353351029AF754B00BE1D4E /* Release */ = {
			isa = XCBuildConfiguration;
			buildSettings = {
				ALWAYS_SEARCH_USER_PATHS = NO;
				CLANG_ANALYZER_NONNULL = YES;
				CLANG_ANALYZER_NUMBER_OBJECT_CONVERSION = YES_AGGRESSIVE;
				CLANG_CXX_LANGUAGE_STANDARD = "gnu++20";
				CLANG_ENABLE_MODULES = YES;
				CLANG_ENABLE_OBJC_ARC = YES;
				CLANG_ENABLE_OBJC_WEAK = YES;
				CLANG_WARN_BLOCK_CAPTURE_AUTORELEASING = YES;
				CLANG_WARN_BOOL_CONVERSION = YES;
				CLANG_WARN_COMMA = YES;
				CLANG_WARN_CONSTANT_CONVERSION = YES;
				CLANG_WARN_DEPRECATED_OBJC_IMPLEMENTATIONS = YES;
				CLANG_WARN_DIRECT_OBJC_ISA_USAGE = YES_ERROR;
				CLANG_WARN_DOCUMENTATION_COMMENTS = YES;
				CLANG_WARN_EMPTY_BODY = YES;
				CLANG_WARN_ENUM_CONVERSION = YES;
				CLANG_WARN_INFINITE_RECURSION = YES;
				CLANG_WARN_INT_CONVERSION = YES;
				CLANG_WARN_NON_LITERAL_NULL_CONVERSION = YES;
				CLANG_WARN_OBJC_IMPLICIT_RETAIN_SELF = YES;
				CLANG_WARN_OBJC_LITERAL_CONVERSION = YES;
				CLANG_WARN_OBJC_ROOT_CLASS = YES_ERROR;
				CLANG_WARN_QUOTED_INCLUDE_IN_FRAMEWORK_HEADER = YES;
				CLANG_WARN_RANGE_LOOP_ANALYSIS = YES;
				CLANG_WARN_STRICT_PROTOTYPES = YES;
				CLANG_WARN_SUSPICIOUS_MOVE = YES;
				CLANG_WARN_UNGUARDED_AVAILABILITY = YES_AGGRESSIVE;
				CLANG_WARN_UNREACHABLE_CODE = YES;
				CLANG_WARN__DUPLICATE_METHOD_MATCH = YES;
				COPY_PHASE_STRIP = NO;
				DEBUG_INFORMATION_FORMAT = "dwarf-with-dsym";
				ENABLE_NS_ASSERTIONS = NO;
				ENABLE_STRICT_OBJC_MSGSEND = YES;
				GCC_C_LANGUAGE_STANDARD = gnu11;
				GCC_NO_COMMON_BLOCKS = YES;
				GCC_WARN_64_TO_32_BIT_CONVERSION = YES;
				GCC_WARN_ABOUT_RETURN_TYPE = YES_ERROR;
				GCC_WARN_UNDECLARED_SELECTOR = YES;
				GCC_WARN_UNINITIALIZED_AUTOS = YES_AGGRESSIVE;
				GCC_WARN_UNUSED_FUNCTION = YES;
				GCC_WARN_UNUSED_VARIABLE = YES;
				IPHONEOS_DEPLOYMENT_TARGET = 16.2;
				MTL_ENABLE_DEBUG_INFO = NO;
				MTL_FAST_MATH = YES;
				SDKROOT = iphoneos;
				SWIFT_COMPILATION_MODE = wholemodule;
				SWIFT_OPTIMIZATION_LEVEL = "-O";
				VALIDATE_PRODUCT = YES;
			};
			name = Release;
		};
		B353351229AF754B00BE1D4E /* Debug */ = {
			isa = XCBuildConfiguration;
			buildSettings = {
				ASSETCATALOG_COMPILER_APPICON_NAME = AppIcon;
				ASSETCATALOG_COMPILER_GLOBAL_ACCENT_COLOR_NAME = AccentColor;
				CODE_SIGN_STYLE = Automatic;
				CURRENT_PROJECT_VERSION = 1;
				DEVELOPMENT_TEAM = 3VFN5926F6;
				GENERATE_INFOPLIST_FILE = YES;
				INFOPLIST_FILE = RickAndMortyApp/Info.plist;
				INFOPLIST_KEY_UIApplicationSupportsIndirectInputEvents = YES;
				INFOPLIST_KEY_UILaunchStoryboardName = LaunchScreen;
				INFOPLIST_KEY_UIMainStoryboardFile = "";
				INFOPLIST_KEY_UISupportedInterfaceOrientations_iPad = "UIInterfaceOrientationPortrait UIInterfaceOrientationPortraitUpsideDown UIInterfaceOrientationLandscapeLeft UIInterfaceOrientationLandscapeRight";
				INFOPLIST_KEY_UISupportedInterfaceOrientations_iPhone = "UIInterfaceOrientationPortrait UIInterfaceOrientationLandscapeLeft UIInterfaceOrientationLandscapeRight";
				LD_RUNPATH_SEARCH_PATHS = (
					"$(inherited)",
					"@executable_path/Frameworks",
				);
				MARKETING_VERSION = 1.0;
				PRODUCT_BUNDLE_IDENTIFIER = com.senakurtak.RickAndMortyApp;
				PRODUCT_NAME = "$(TARGET_NAME)";
				SWIFT_EMIT_LOC_STRINGS = YES;
				SWIFT_VERSION = 5.0;
				TARGETED_DEVICE_FAMILY = "1,2";
			};
			name = Debug;
		};
		B353351329AF754B00BE1D4E /* Release */ = {
			isa = XCBuildConfiguration;
			buildSettings = {
				ASSETCATALOG_COMPILER_APPICON_NAME = AppIcon;
				ASSETCATALOG_COMPILER_GLOBAL_ACCENT_COLOR_NAME = AccentColor;
				CODE_SIGN_STYLE = Automatic;
				CURRENT_PROJECT_VERSION = 1;
				DEVELOPMENT_TEAM = 3VFN5926F6;
				GENERATE_INFOPLIST_FILE = YES;
				INFOPLIST_FILE = RickAndMortyApp/Info.plist;
				INFOPLIST_KEY_UIApplicationSupportsIndirectInputEvents = YES;
				INFOPLIST_KEY_UILaunchStoryboardName = LaunchScreen;
				INFOPLIST_KEY_UIMainStoryboardFile = "";
				INFOPLIST_KEY_UISupportedInterfaceOrientations_iPad = "UIInterfaceOrientationPortrait UIInterfaceOrientationPortraitUpsideDown UIInterfaceOrientationLandscapeLeft UIInterfaceOrientationLandscapeRight";
				INFOPLIST_KEY_UISupportedInterfaceOrientations_iPhone = "UIInterfaceOrientationPortrait UIInterfaceOrientationLandscapeLeft UIInterfaceOrientationLandscapeRight";
				LD_RUNPATH_SEARCH_PATHS = (
					"$(inherited)",
					"@executable_path/Frameworks",
				);
				MARKETING_VERSION = 1.0;
				PRODUCT_BUNDLE_IDENTIFIER = com.senakurtak.RickAndMortyApp;
				PRODUCT_NAME = "$(TARGET_NAME)";
				SWIFT_EMIT_LOC_STRINGS = YES;
				SWIFT_VERSION = 5.0;
				TARGETED_DEVICE_FAMILY = "1,2";
			};
			name = Release;
		};
		B353351529AF754B00BE1D4E /* Debug */ = {
			isa = XCBuildConfiguration;
			buildSettings = {
				ALWAYS_EMBED_SWIFT_STANDARD_LIBRARIES = YES;
				BUNDLE_LOADER = "$(TEST_HOST)";
				CODE_SIGN_STYLE = Automatic;
				CURRENT_PROJECT_VERSION = 1;
				DEVELOPMENT_TEAM = 3VFN5926F6;
				GENERATE_INFOPLIST_FILE = YES;
				IPHONEOS_DEPLOYMENT_TARGET = 16.2;
				MARKETING_VERSION = 1.0;
				PRODUCT_BUNDLE_IDENTIFIER = com.senakurtak.RickAndMortyAppTests;
				PRODUCT_NAME = "$(TARGET_NAME)";
				SWIFT_EMIT_LOC_STRINGS = NO;
				SWIFT_VERSION = 5.0;
				TARGETED_DEVICE_FAMILY = "1,2";
				TEST_HOST = "$(BUILT_PRODUCTS_DIR)/RickAndMortyApp.app/$(BUNDLE_EXECUTABLE_FOLDER_PATH)/RickAndMortyApp";
			};
			name = Debug;
		};
		B353351629AF754B00BE1D4E /* Release */ = {
			isa = XCBuildConfiguration;
			buildSettings = {
				ALWAYS_EMBED_SWIFT_STANDARD_LIBRARIES = YES;
				BUNDLE_LOADER = "$(TEST_HOST)";
				CODE_SIGN_STYLE = Automatic;
				CURRENT_PROJECT_VERSION = 1;
				DEVELOPMENT_TEAM = 3VFN5926F6;
				GENERATE_INFOPLIST_FILE = YES;
				IPHONEOS_DEPLOYMENT_TARGET = 16.2;
				MARKETING_VERSION = 1.0;
				PRODUCT_BUNDLE_IDENTIFIER = com.senakurtak.RickAndMortyAppTests;
				PRODUCT_NAME = "$(TARGET_NAME)";
				SWIFT_EMIT_LOC_STRINGS = NO;
				SWIFT_VERSION = 5.0;
				TARGETED_DEVICE_FAMILY = "1,2";
				TEST_HOST = "$(BUILT_PRODUCTS_DIR)/RickAndMortyApp.app/$(BUNDLE_EXECUTABLE_FOLDER_PATH)/RickAndMortyApp";
			};
			name = Release;
		};
		B353351829AF754B00BE1D4E /* Debug */ = {
			isa = XCBuildConfiguration;
			buildSettings = {
				ALWAYS_EMBED_SWIFT_STANDARD_LIBRARIES = YES;
				CODE_SIGN_STYLE = Automatic;
				CURRENT_PROJECT_VERSION = 1;
				DEVELOPMENT_TEAM = 3VFN5926F6;
				GENERATE_INFOPLIST_FILE = YES;
				MARKETING_VERSION = 1.0;
				PRODUCT_BUNDLE_IDENTIFIER = com.senakurtak.RickAndMortyAppUITests;
				PRODUCT_NAME = "$(TARGET_NAME)";
				SWIFT_EMIT_LOC_STRINGS = NO;
				SWIFT_VERSION = 5.0;
				TARGETED_DEVICE_FAMILY = "1,2";
				TEST_TARGET_NAME = RickAndMortyApp;
			};
			name = Debug;
		};
		B353351929AF754B00BE1D4E /* Release */ = {
			isa = XCBuildConfiguration;
			buildSettings = {
				ALWAYS_EMBED_SWIFT_STANDARD_LIBRARIES = YES;
				CODE_SIGN_STYLE = Automatic;
				CURRENT_PROJECT_VERSION = 1;
				DEVELOPMENT_TEAM = 3VFN5926F6;
				GENERATE_INFOPLIST_FILE = YES;
				MARKETING_VERSION = 1.0;
				PRODUCT_BUNDLE_IDENTIFIER = com.senakurtak.RickAndMortyAppUITests;
				PRODUCT_NAME = "$(TARGET_NAME)";
				SWIFT_EMIT_LOC_STRINGS = NO;
				SWIFT_VERSION = 5.0;
				TARGETED_DEVICE_FAMILY = "1,2";
				TEST_TARGET_NAME = RickAndMortyApp;
			};
			name = Release;
		};
/* End XCBuildConfiguration section */

/* Begin XCConfigurationList section */
		B35334DF29AF754A00BE1D4E /* Build configuration list for PBXProject "RickAndMortyApp" */ = {
			isa = XCConfigurationList;
			buildConfigurations = (
				B353350F29AF754B00BE1D4E /* Debug */,
				B353351029AF754B00BE1D4E /* Release */,
			);
			defaultConfigurationIsVisible = 0;
			defaultConfigurationName = Release;
		};
		B353351129AF754B00BE1D4E /* Build configuration list for PBXNativeTarget "RickAndMortyApp" */ = {
			isa = XCConfigurationList;
			buildConfigurations = (
				B353351229AF754B00BE1D4E /* Debug */,
				B353351329AF754B00BE1D4E /* Release */,
			);
			defaultConfigurationIsVisible = 0;
			defaultConfigurationName = Release;
		};
		B353351429AF754B00BE1D4E /* Build configuration list for PBXNativeTarget "RickAndMortyAppTests" */ = {
			isa = XCConfigurationList;
			buildConfigurations = (
				B353351529AF754B00BE1D4E /* Debug */,
				B353351629AF754B00BE1D4E /* Release */,
			);
			defaultConfigurationIsVisible = 0;
			defaultConfigurationName = Release;
		};
		B353351729AF754B00BE1D4E /* Build configuration list for PBXNativeTarget "RickAndMortyAppUITests" */ = {
			isa = XCConfigurationList;
			buildConfigurations = (
				B353351829AF754B00BE1D4E /* Debug */,
				B353351929AF754B00BE1D4E /* Release */,
			);
			defaultConfigurationIsVisible = 0;
			defaultConfigurationName = Release;
		};
/* End XCConfigurationList section */

/* Begin XCRemoteSwiftPackageReference section */
		B342D2B929B5643F004AC8C1 /* XCRemoteSwiftPackageReference "RxSwift" */ = {
			isa = XCRemoteSwiftPackageReference;
			repositoryURL = "https://github.com/ReactiveX/RxSwift.git";
			requirement = {
				branch = main;
				kind = branch;
			};
		};
		B353352E29AF75C500BE1D4E /* XCRemoteSwiftPackageReference "Moya" */ = {
			isa = XCRemoteSwiftPackageReference;
			repositoryURL = "https://github.com/Moya/Moya.git";
			requirement = {
				branch = master;
				kind = branch;
			};
		};
		B353353729AF76B900BE1D4E /* XCRemoteSwiftPackageReference "SideMenu" */ = {
			isa = XCRemoteSwiftPackageReference;
			repositoryURL = "https://github.com/jonkykong/SideMenu.git";
			requirement = {
				kind = upToNextMajorVersion;
				minimumVersion = 6.0.0;
			};
		};
		B379CC3429B7FD7000DECAF5 /* XCRemoteSwiftPackageReference "SDWebImage" */ = {
			isa = XCRemoteSwiftPackageReference;
			repositoryURL = "https://github.com/SDWebImage/SDWebImage.git";
			requirement = {
				branch = master;
				kind = branch;
			};
		};
/* End XCRemoteSwiftPackageReference section */

/* Begin XCSwiftPackageProductDependency section */
		B342D2BE29B5643F004AC8C1 /* RxCocoa */ = {
			isa = XCSwiftPackageProductDependency;
			package = B342D2B929B5643F004AC8C1 /* XCRemoteSwiftPackageReference "RxSwift" */;
			productName = RxCocoa;
		};
		B342D2C629B5643F004AC8C1 /* RxSwift */ = {
			isa = XCSwiftPackageProductDependency;
			package = B342D2B929B5643F004AC8C1 /* XCRemoteSwiftPackageReference "RxSwift" */;
			productName = RxSwift;
		};
		B353353129AF75C500BE1D4E /* Moya */ = {
			isa = XCSwiftPackageProductDependency;
			package = B353352E29AF75C500BE1D4E /* XCRemoteSwiftPackageReference "Moya" */;
			productName = Moya;
		};
		B353353329AF75C500BE1D4E /* ReactiveMoya */ = {
			isa = XCSwiftPackageProductDependency;
			package = B353352E29AF75C500BE1D4E /* XCRemoteSwiftPackageReference "Moya" */;
			productName = ReactiveMoya;
		};
		B353353529AF75C500BE1D4E /* RxMoya */ = {
			isa = XCSwiftPackageProductDependency;
			package = B353352E29AF75C500BE1D4E /* XCRemoteSwiftPackageReference "Moya" */;
			productName = RxMoya;
		};
		B353353829AF76B900BE1D4E /* SideMenu */ = {
			isa = XCSwiftPackageProductDependency;
			package = B353353729AF76B900BE1D4E /* XCRemoteSwiftPackageReference "SideMenu" */;
			productName = SideMenu;
		};
		B379CC3529B7FD7000DECAF5 /* SDWebImage */ = {
			isa = XCSwiftPackageProductDependency;
			package = B379CC3429B7FD7000DECAF5 /* XCRemoteSwiftPackageReference "SDWebImage" */;
			productName = SDWebImage;
		};
/* End XCSwiftPackageProductDependency section */

/* Begin XCVersionGroup section */
		B35334F029AF754A00BE1D4E /* RickAndMortyApp.xcdatamodeld */ = {
			isa = XCVersionGroup;
			children = (
				B35334F129AF754A00BE1D4E /* RickAndMortyApp.xcdatamodel */,
			);
			currentVersion = B35334F129AF754A00BE1D4E /* RickAndMortyApp.xcdatamodel */;
			path = RickAndMortyApp.xcdatamodeld;
			sourceTree = "<group>";
			versionGroupType = wrapper.xcdatamodel;
		};
/* End XCVersionGroup section */
	};
	rootObject = B35334DC29AF754A00BE1D4E /* Project object */;
}
